# THIS IS AN AUTOGENERATED FILE. DO NOT EDIT THIS FILE DIRECTLY.
# yarn lockfile v1


dom7@^4.0.4:
  version "4.0.4"
  resolved "https://registry.npmjs.org/dom7/-/dom7-4.0.4.tgz"
  integrity sha512-DSSgBzQ4rJWQp1u6o+3FVwMNnT5bzQbMb+o31TjYYeRi05uAcpF8koxdfzeoe5ElzPmua7W7N28YJhF7iEKqIw==
  dependencies:
    ssr-window "^4.0.0"

ssr-window@^4.0.0, ssr-window@^4.0.2:
  version "4.0.2"
  resolved "https://registry.npmjs.org/ssr-window/-/ssr-window-4.0.2.tgz"
  integrity sha512-ISv/Ch+ig7SOtw7G2+qkwfVASzazUnvlDTwypdLoPoySv+6MqlOV10VwPSE6EWkGjhW50lUmghPmpYZXMu/+AQ==

swiper@^8.1.6:
  version "8.1.6"
  resolved "https://registry.yarnpkg.com/swiper/-/swiper-8.1.6.tgz#740613aa453c85b11223e5bbf7cd3656488b1997"
  integrity sha512-KqnqIBbIQaIiG/sK2ckcQZbqK38486WlvJe99s2KOCu8jOOQGra6cdShdI9LDyh8DALV/5nwycczFmmNWhxs2A==
  dependencies:
    dom7 "^4.0.4"
    ssr-window "^4.0.2"
